
Microsoft Visual Studio Solution File, Format Version 12.00
# Visual Studio Version 17
VisualStudioVersion = 17.10.35004.147
MinimumVisualStudioVersion = 10.0.40219.1
Project("{FAE04EC0-301F-11D3-BF4B-00C04F79EFBC}") = "Xceed.Winform.Workbooks.Sample", "Xceed.Winform.Workbooks.Sample\Xceed.Winform.Workbooks.Sample.csproj", "{22B59E2F-99B7-43C0-B157-692438831119}"
EndProject
Project("{FAE04EC0-301F-11D3-BF4B-00C04F79EFBC}") = "Xceed.Console.Workbooks.Sample", "Xceed.Console.Workbooks.Sample\Xceed.Console.Workbooks.Sample.csproj", "{EA9741E9-9C79-49E4-B783-BED67556465D}"
EndProject
Project("{FAE04EC0-301F-11D3-BF4B-00C04F79EFBC}") = "Xceed.Blazor.Workbooks.Sample", "Xceed.Blazor.Workbooks.Sample\Xceed.Blazor.Workbooks.Sample.csproj", "{4EBF9F22-B56C-4528-9BDC-FBF064C929A3}"
EndProject
Project("{FAE04EC0-301F-11D3-BF4B-00C04F79EFBC}") = "Xceed.Wpf.Workbooks.Sample", "Xceed.Wpf.Workbooks.Sample\Xceed.Wpf.Workbooks.Sample.csproj", "{BC581A2B-94EE-40D6-B237-B72550A02863}"
EndProject
Global
	GlobalSection(SolutionConfigurationPlatforms) = preSolution
		Debug|Any CPU = Debug|Any CPU
		Release|Any CPU = Release|Any CPU
	EndGlobalSection
	GlobalSection(ProjectConfigurationPlatforms) = postSolution
		{22B59E2F-99B7-43C0-B157-692438831119}.Debug|Any CPU.ActiveCfg = Debug|Any CPU
		{22B59E2F-99B7-43C0-B157-692438831119}.Debug|Any CPU.Build.0 = Debug|Any CPU
		{22B59E2F-99B7-43C0-B157-692438831119}.Release|Any CPU.ActiveCfg = Release|Any CPU
		{22B59E2F-99B7-43C0-B157-692438831119}.Release|Any CPU.Build.0 = Release|Any CPU
		{EA9741E9-9C79-49E4-B783-BED67556465D}.Debug|Any CPU.ActiveCfg = Debug|Any CPU
		{EA9741E9-9C79-49E4-B783-BED67556465D}.Debug|Any CPU.Build.0 = Debug|Any CPU
		{EA9741E9-9C79-49E4-B783-BED67556465D}.Release|Any CPU.ActiveCfg = Release|Any CPU
		{EA9741E9-9C79-49E4-B783-BED67556465D}.Release|Any CPU.Build.0 = Release|Any CPU
		{4EBF9F22-B56C-4528-9BDC-FBF064C929A3}.Debug|Any CPU.ActiveCfg = Debug|Any CPU
		{4EBF9F22-B56C-4528-9BDC-FBF064C929A3}.Debug|Any CPU.Build.0 = Debug|Any CPU
		{4EBF9F22-B56C-4528-9BDC-FBF064C929A3}.Release|Any CPU.ActiveCfg = Release|Any CPU
		{4EBF9F22-B56C-4528-9BDC-FBF064C929A3}.Release|Any CPU.Build.0 = Release|Any CPU
		{BC581A2B-94EE-40D6-B237-B72550A02863}.Debug|Any CPU.ActiveCfg = Debug|Any CPU
		{BC581A2B-94EE-40D6-B237-B72550A02863}.Debug|Any CPU.Build.0 = Debug|Any CPU
		{BC581A2B-94EE-40D6-B237-B72550A02863}.Release|Any CPU.ActiveCfg = Release|Any CPU
		{BC581A2B-94EE-40D6-B237-B72550A02863}.Release|Any CPU.Build.0 = Release|Any CPU
	EndGlobalSection
	GlobalSection(SolutionProperties) = preSolution
		HideSolutionNode = FALSE
	EndGlobalSection
	GlobalSection(ExtensibilityGlobals) = postSolution
		SolutionGuid = {0BCED65E-E350-474D-AC3E-F78CB28597D7}
	EndGlobalSection
EndGlobal
